// !$*UTF8*$!
{
	archiveVersion = 1;
	classes = {
	};
	objectVersion = 55;
	objects = {

/* Begin PBXBuildFile section */
		EB6AAF892839F8F900F4D9AB /* FirebaseAuth in Frameworks */ = {isa = PBXBuildFile; productRef = EB6AAF882839F8F900F4D9AB /* FirebaseAuth */; };
		EB6AAF8B2839F8F900F4D9AB /* FirebaseFirestore in Frameworks */ = {isa = PBXBuildFile; productRef = EB6AAF8A2839F8F900F4D9AB /* FirebaseFirestore */; };
		EB6AAF8D2839F8F900F4D9AB /* FirebaseFirestoreSwift in Frameworks */ = {isa = PBXBuildFile; productRef = EB6AAF8C2839F8F900F4D9AB /* FirebaseFirestoreSwift */; };
		EB6AAF8F2839F8F900F4D9AB /* FirebaseStorage in Frameworks */ = {isa = PBXBuildFile; productRef = EB6AAF8E2839F8F900F4D9AB /* FirebaseStorage */; };
		EB6AAF97283A013700F4D9AB /* GoogleSignIn in Frameworks */ = {isa = PBXBuildFile; productRef = EB6AAF96283A013700F4D9AB /* GoogleSignIn */; };
		EB6AAF99283A013700F4D9AB /* GoogleSignInSwift in Frameworks */ = {isa = PBXBuildFile; productRef = EB6AAF98283A013700F4D9AB /* GoogleSignInSwift */; };
		EB6AAFA3283A1FE600F4D9AB /* AuthManager.swift in Sources */ = {isa = PBXBuildFile; fileRef = EB6AAFA2283A1FE600F4D9AB /* AuthManager.swift */; };
		EB6AAFA5283A279D00F4D9AB /* SettingViewController.swift in Sources */ = {isa = PBXBuildFile; fileRef = EB6AAFA4283A279D00F4D9AB /* SettingViewController.swift */; };
		EB6AAFA7283A46F600F4D9AB /* .gitignore in Resources */ = {isa = PBXBuildFile; fileRef = EB6AAFA6283A46F600F4D9AB /* .gitignore */; };
		EB6AAFAA283FD74700F4D9AB /* User.swift in Sources */ = {isa = PBXBuildFile; fileRef = EB6AAFA9283FD74700F4D9AB /* User.swift */; };
		EB6AAFAD283FDB3200F4D9AB /* UserCRUD.swift in Sources */ = {isa = PBXBuildFile; fileRef = EB6AAFAC283FDB3200F4D9AB /* UserCRUD.swift */; };
		EB6AAFB0284271AD00F4D9AB /* UserManager.swift in Sources */ = {isa = PBXBuildFile; fileRef = EB6AAFAF284271AD00F4D9AB /* UserManager.swift */; };
		EB6AAFB328428C3700F4D9AB /* RemoveBlanksInText.swift in Sources */ = {isa = PBXBuildFile; fileRef = EB6AAFB228428C3700F4D9AB /* RemoveBlanksInText.swift */; };
		EB6AAFB7284291AB00F4D9AB /* NewPostViewController.swift in Sources */ = {isa = PBXBuildFile; fileRef = EB6AAFB6284291AB00F4D9AB /* NewPostViewController.swift */; };
		EB6AAFBB284325D500F4D9AB /* MyListTableViewCell.swift in Sources */ = {isa = PBXBuildFile; fileRef = EB6AAFB9284325D500F4D9AB /* MyListTableViewCell.swift */; };
		EB6AAFBC284325D500F4D9AB /* MyListTableViewCell.xib in Resources */ = {isa = PBXBuildFile; fileRef = EB6AAFBA284325D500F4D9AB /* MyListTableViewCell.xib */; };
		EB6AAFBF2843349900F4D9AB /* SupportingTextTableViewCell.swift in Sources */ = {isa = PBXBuildFile; fileRef = EB6AAFBD2843349900F4D9AB /* SupportingTextTableViewCell.swift */; };
		EB6AAFC02843349900F4D9AB /* SupportingTextTableViewCell.xib in Resources */ = {isa = PBXBuildFile; fileRef = EB6AAFBE2843349900F4D9AB /* SupportingTextTableViewCell.xib */; };
		EB6AAFC32843AABF00F4D9AB /* ImageTableViewCell.swift in Sources */ = {isa = PBXBuildFile; fileRef = EB6AAFC12843AABF00F4D9AB /* ImageTableViewCell.swift */; };
		EB6AAFC42843AABF00F4D9AB /* ImageTableViewCell.xib in Resources */ = {isa = PBXBuildFile; fileRef = EB6AAFC22843AABF00F4D9AB /* ImageTableViewCell.xib */; };
		EB6AAFC72843B2C900F4D9AB /* TextButtonTableViewCell.swift in Sources */ = {isa = PBXBuildFile; fileRef = EB6AAFC52843B2C900F4D9AB /* TextButtonTableViewCell.swift */; };
		EB6AAFC82843B2C900F4D9AB /* TextButtonTableViewCell.xib in Resources */ = {isa = PBXBuildFile; fileRef = EB6AAFC62843B2C900F4D9AB /* TextButtonTableViewCell.xib */; };
		EB6AAFCA2843C34500F4D9AB /* Post.swift in Sources */ = {isa = PBXBuildFile; fileRef = EB6AAFC92843C34500F4D9AB /* Post.swift */; };
		EB6AAFCD2845293500F4D9AB /* TextFieldTableViewCell.swift in Sources */ = {isa = PBXBuildFile; fileRef = EB6AAFCB2845293500F4D9AB /* TextFieldTableViewCell.swift */; };
		EB6AAFCE2845293500F4D9AB /* TextFieldTableViewCell.xib in Resources */ = {isa = PBXBuildFile; fileRef = EB6AAFCC2845293500F4D9AB /* TextFieldTableViewCell.xib */; };
		EB6AAFD028459BA900F4D9AB /* SetUnderlineInTextField.swift in Sources */ = {isa = PBXBuildFile; fileRef = EB6AAFCF28459BA900F4D9AB /* SetUnderlineInTextField.swift */; };
		EB6AAFD228459F9800F4D9AB /* CellType.swift in Sources */ = {isa = PBXBuildFile; fileRef = EB6AAFD128459F9700F4D9AB /* CellType.swift */; };
		EB6AAFD528463E6B00F4D9AB /* SpacerTableViewCell.swift in Sources */ = {isa = PBXBuildFile; fileRef = EB6AAFD328463E6B00F4D9AB /* SpacerTableViewCell.swift */; };
		EB6AAFD628463E6B00F4D9AB /* SpacerTableViewCell.xib in Resources */ = {isa = PBXBuildFile; fileRef = EB6AAFD428463E6B00F4D9AB /* SpacerTableViewCell.xib */; };
		EB6AAFD9284651D000F4D9AB /* SubmitButtonTableViewCell.swift in Sources */ = {isa = PBXBuildFile; fileRef = EB6AAFD7284651D000F4D9AB /* SubmitButtonTableViewCell.swift */; };
		EB6AAFDA284651D000F4D9AB /* SubmitButtonTableViewCell.xib in Resources */ = {isa = PBXBuildFile; fileRef = EB6AAFD8284651D000F4D9AB /* SubmitButtonTableViewCell.xib */; };
		EB6AAFDC284659C800F4D9AB /* PostCRUD.swift in Sources */ = {isa = PBXBuildFile; fileRef = EB6AAFDB284659C700F4D9AB /* PostCRUD.swift */; };
		EB6AAFE028465E9E00F4D9AB /* ResultType.swift in Sources */ = {isa = PBXBuildFile; fileRef = EB6AAFDF28465E9E00F4D9AB /* ResultType.swift */; };
		EB6AAFE32846FF8F00F4D9AB /* ImageCRUD.swift in Sources */ = {isa = PBXBuildFile; fileRef = EB6AAFE22846FF8F00F4D9AB /* ImageCRUD.swift */; };
		EB9AAEEC2839D1FC0088D2EB /* AppDelegate.swift in Sources */ = {isa = PBXBuildFile; fileRef = EB9AAEEB2839D1FC0088D2EB /* AppDelegate.swift */; };
		EB9AAEEE2839D1FC0088D2EB /* SceneDelegate.swift in Sources */ = {isa = PBXBuildFile; fileRef = EB9AAEED2839D1FC0088D2EB /* SceneDelegate.swift */; };
		EB9AAEF32839D1FC0088D2EB /* Main.storyboard in Resources */ = {isa = PBXBuildFile; fileRef = EB9AAEF12839D1FC0088D2EB /* Main.storyboard */; };
		EB9AAEF52839D1FF0088D2EB /* Assets.xcassets in Resources */ = {isa = PBXBuildFile; fileRef = EB9AAEF42839D1FF0088D2EB /* Assets.xcassets */; };
		EB9AAEF82839D1FF0088D2EB /* LaunchScreen.storyboard in Resources */ = {isa = PBXBuildFile; fileRef = EB9AAEF62839D1FF0088D2EB /* LaunchScreen.storyboard */; };
		EB9AAF002839D42C0088D2EB /* RecommendedViewController.swift in Sources */ = {isa = PBXBuildFile; fileRef = EB9AAEFF2839D42C0088D2EB /* RecommendedViewController.swift */; };
		EB9AAF022839D7A60088D2EB /* MyListViewController.swift in Sources */ = {isa = PBXBuildFile; fileRef = EB9AAF012839D7A60088D2EB /* MyListViewController.swift */; };
		EB9AAF042839D96E0088D2EB /* GoogleService-Info.plist in Resources */ = {isa = PBXBuildFile; fileRef = EB9AAF032839D96E0088D2EB /* GoogleService-Info.plist */; };
		EB9AAF0D2839E00B0088D2EB /* LoginViewController.swift in Sources */ = {isa = PBXBuildFile; fileRef = EB9AAF0C2839E00B0088D2EB /* LoginViewController.swift */; };
/* End PBXBuildFile section */

/* Begin PBXFileReference section */
		EB6AAFA2283A1FE600F4D9AB /* AuthManager.swift */ = {isa = PBXFileReference; lastKnownFileType = sourcecode.swift; path = AuthManager.swift; sourceTree = "<group>"; };
		EB6AAFA4283A279D00F4D9AB /* SettingViewController.swift */ = {isa = PBXFileReference; lastKnownFileType = sourcecode.swift; path = SettingViewController.swift; sourceTree = "<group>"; };
		EB6AAFA6283A46F600F4D9AB /* .gitignore */ = {isa = PBXFileReference; fileEncoding = 4; lastKnownFileType = text; path = .gitignore; sourceTree = "<group>"; };
		EB6AAFA9283FD74700F4D9AB /* User.swift */ = {isa = PBXFileReference; lastKnownFileType = sourcecode.swift; path = User.swift; sourceTree = "<group>"; };
		EB6AAFAC283FDB3200F4D9AB /* UserCRUD.swift */ = {isa = PBXFileReference; lastKnownFileType = sourcecode.swift; path = UserCRUD.swift; sourceTree = "<group>"; };
		EB6AAFAF284271AD00F4D9AB /* UserManager.swift */ = {isa = PBXFileReference; lastKnownFileType = sourcecode.swift; path = UserManager.swift; sourceTree = "<group>"; };
		EB6AAFB228428C3700F4D9AB /* RemoveBlanksInText.swift */ = {isa = PBXFileReference; lastKnownFileType = sourcecode.swift; path = RemoveBlanksInText.swift; sourceTree = "<group>"; };
		EB6AAFB6284291AB00F4D9AB /* NewPostViewController.swift */ = {isa = PBXFileReference; lastKnownFileType = sourcecode.swift; path = NewPostViewController.swift; sourceTree = "<group>"; };
		EB6AAFB9284325D500F4D9AB /* MyListTableViewCell.swift */ = {isa = PBXFileReference; lastKnownFileType = sourcecode.swift; path = MyListTableViewCell.swift; sourceTree = "<group>"; };
		EB6AAFBA284325D500F4D9AB /* MyListTableViewCell.xib */ = {isa = PBXFileReference; lastKnownFileType = file.xib; path = MyListTableViewCell.xib; sourceTree = "<group>"; };
		EB6AAFBD2843349900F4D9AB /* SupportingTextTableViewCell.swift */ = {isa = PBXFileReference; lastKnownFileType = sourcecode.swift; path = SupportingTextTableViewCell.swift; sourceTree = "<group>"; };
		EB6AAFBE2843349900F4D9AB /* SupportingTextTableViewCell.xib */ = {isa = PBXFileReference; lastKnownFileType = file.xib; path = SupportingTextTableViewCell.xib; sourceTree = "<group>"; };
		EB6AAFC12843AABF00F4D9AB /* ImageTableViewCell.swift */ = {isa = PBXFileReference; lastKnownFileType = sourcecode.swift; path = ImageTableViewCell.swift; sourceTree = "<group>"; };
		EB6AAFC22843AABF00F4D9AB /* ImageTableViewCell.xib */ = {isa = PBXFileReference; lastKnownFileType = file.xib; path = ImageTableViewCell.xib; sourceTree = "<group>"; };
		EB6AAFC52843B2C900F4D9AB /* TextButtonTableViewCell.swift */ = {isa = PBXFileReference; lastKnownFileType = sourcecode.swift; path = TextButtonTableViewCell.swift; sourceTree = "<group>"; };
		EB6AAFC62843B2C900F4D9AB /* TextButtonTableViewCell.xib */ = {isa = PBXFileReference; lastKnownFileType = file.xib; path = TextButtonTableViewCell.xib; sourceTree = "<group>"; };
		EB6AAFC92843C34500F4D9AB /* Post.swift */ = {isa = PBXFileReference; lastKnownFileType = sourcecode.swift; path = Post.swift; sourceTree = "<group>"; };
		EB6AAFCB2845293500F4D9AB /* TextFieldTableViewCell.swift */ = {isa = PBXFileReference; lastKnownFileType = sourcecode.swift; path = TextFieldTableViewCell.swift; sourceTree = "<group>"; };
		EB6AAFCC2845293500F4D9AB /* TextFieldTableViewCell.xib */ = {isa = PBXFileReference; lastKnownFileType = file.xib; path = TextFieldTableViewCell.xib; sourceTree = "<group>"; };
		EB6AAFCF28459BA900F4D9AB /* SetUnderlineInTextField.swift */ = {isa = PBXFileReference; lastKnownFileType = sourcecode.swift; path = SetUnderlineInTextField.swift; sourceTree = "<group>"; };
		EB6AAFD128459F9700F4D9AB /* CellType.swift */ = {isa = PBXFileReference; lastKnownFileType = sourcecode.swift; path = CellType.swift; sourceTree = "<group>"; };
		EB6AAFD328463E6B00F4D9AB /* SpacerTableViewCell.swift */ = {isa = PBXFileReference; lastKnownFileType = sourcecode.swift; path = SpacerTableViewCell.swift; sourceTree = "<group>"; };
		EB6AAFD428463E6B00F4D9AB /* SpacerTableViewCell.xib */ = {isa = PBXFileReference; lastKnownFileType = file.xib; path = SpacerTableViewCell.xib; sourceTree = "<group>"; };
		EB6AAFD7284651D000F4D9AB /* SubmitButtonTableViewCell.swift */ = {isa = PBXFileReference; lastKnownFileType = sourcecode.swift; path = SubmitButtonTableViewCell.swift; sourceTree = "<group>"; };
		EB6AAFD8284651D000F4D9AB /* SubmitButtonTableViewCell.xib */ = {isa = PBXFileReference; lastKnownFileType = file.xib; path = SubmitButtonTableViewCell.xib; sourceTree = "<group>"; };
		EB6AAFDB284659C700F4D9AB /* PostCRUD.swift */ = {isa = PBXFileReference; lastKnownFileType = sourcecode.swift; path = PostCRUD.swift; sourceTree = "<group>"; };
		EB6AAFDF28465E9E00F4D9AB /* ResultType.swift */ = {isa = PBXFileReference; lastKnownFileType = sourcecode.swift; path = ResultType.swift; sourceTree = "<group>"; };
		EB6AAFE22846FF8F00F4D9AB /* ImageCRUD.swift */ = {isa = PBXFileReference; lastKnownFileType = sourcecode.swift; path = ImageCRUD.swift; sourceTree = "<group>"; };
		EB9AAEE82839D1FC0088D2EB /* Mazemaze.app */ = {isa = PBXFileReference; explicitFileType = wrapper.application; includeInIndex = 0; path = Mazemaze.app; sourceTree = BUILT_PRODUCTS_DIR; };
		EB9AAEEB2839D1FC0088D2EB /* AppDelegate.swift */ = {isa = PBXFileReference; lastKnownFileType = sourcecode.swift; path = AppDelegate.swift; sourceTree = "<group>"; };
		EB9AAEED2839D1FC0088D2EB /* SceneDelegate.swift */ = {isa = PBXFileReference; lastKnownFileType = sourcecode.swift; path = SceneDelegate.swift; sourceTree = "<group>"; };
		EB9AAEF22839D1FC0088D2EB /* Base */ = {isa = PBXFileReference; lastKnownFileType = file.storyboard; name = Base; path = Base.lproj/Main.storyboard; sourceTree = "<group>"; };
		EB9AAEF42839D1FF0088D2EB /* Assets.xcassets */ = {isa = PBXFileReference; lastKnownFileType = folder.assetcatalog; path = Assets.xcassets; sourceTree = "<group>"; };
		EB9AAEF72839D1FF0088D2EB /* Base */ = {isa = PBXFileReference; lastKnownFileType = file.storyboard; name = Base; path = Base.lproj/LaunchScreen.storyboard; sourceTree = "<group>"; };
		EB9AAEF92839D1FF0088D2EB /* Info.plist */ = {isa = PBXFileReference; lastKnownFileType = text.plist.xml; path = Info.plist; sourceTree = "<group>"; };
		EB9AAEFF2839D42C0088D2EB /* RecommendedViewController.swift */ = {isa = PBXFileReference; lastKnownFileType = sourcecode.swift; path = RecommendedViewController.swift; sourceTree = "<group>"; };
		EB9AAF012839D7A60088D2EB /* MyListViewController.swift */ = {isa = PBXFileReference; lastKnownFileType = sourcecode.swift; path = MyListViewController.swift; sourceTree = "<group>"; };
		EB9AAF032839D96E0088D2EB /* GoogleService-Info.plist */ = {isa = PBXFileReference; fileEncoding = 4; lastKnownFileType = text.plist.xml; path = "GoogleService-Info.plist"; sourceTree = "<group>"; };
		EB9AAF0C2839E00B0088D2EB /* LoginViewController.swift */ = {isa = PBXFileReference; lastKnownFileType = sourcecode.swift; path = LoginViewController.swift; sourceTree = "<group>"; };
/* End PBXFileReference section */

/* Begin PBXFrameworksBuildPhase section */
		EB9AAEE52839D1FC0088D2EB /* Frameworks */ = {
			isa = PBXFrameworksBuildPhase;
			buildActionMask = 2147483647;
			files = (
				EB6AAF97283A013700F4D9AB /* GoogleSignIn in Frameworks */,
				EB6AAF892839F8F900F4D9AB /* FirebaseAuth in Frameworks */,
				EB6AAF8F2839F8F900F4D9AB /* FirebaseStorage in Frameworks */,
				EB6AAF99283A013700F4D9AB /* GoogleSignInSwift in Frameworks */,
				EB6AAF8B2839F8F900F4D9AB /* FirebaseFirestore in Frameworks */,
				EB6AAF8D2839F8F900F4D9AB /* FirebaseFirestoreSwift in Frameworks */,
			);
			runOnlyForDeploymentPostprocessing = 0;
		};
/* End PBXFrameworksBuildPhase section */

/* Begin PBXGroup section */
		EB6AAF9B283A1A0300F4D9AB /* ViewControllers */ = {
			isa = PBXGroup;
			children = (
				EB9AAEFF2839D42C0088D2EB /* RecommendedViewController.swift */,
				EB9AAF012839D7A60088D2EB /* MyListViewController.swift */,
				EB9AAF0C2839E00B0088D2EB /* LoginViewController.swift */,
				EB6AAFB6284291AB00F4D9AB /* NewPostViewController.swift */,
				EB6AAFA4283A279D00F4D9AB /* SettingViewController.swift */,
			);
			path = ViewControllers;
			sourceTree = "<group>";
		};
		EB6AAFA1283A1FD300F4D9AB /* Auth */ = {
			isa = PBXGroup;
			children = (
				EB6AAFA2283A1FE600F4D9AB /* AuthManager.swift */,
			);
			path = Auth;
			sourceTree = "<group>";
		};
		EB6AAFA8283FD70800F4D9AB /* Models */ = {
			isa = PBXGroup;
			children = (
				EB6AAFA9283FD74700F4D9AB /* User.swift */,
				EB6AAFC92843C34500F4D9AB /* Post.swift */,
				EB6AAFD128459F9700F4D9AB /* CellType.swift */,
				EB6AAFDF28465E9E00F4D9AB /* ResultType.swift */,
			);
			path = Models;
			sourceTree = "<group>";
		};
		EB6AAFAB283FDAFF00F4D9AB /* Firestore */ = {
			isa = PBXGroup;
			children = (
				EB6AAFAC283FDB3200F4D9AB /* UserCRUD.swift */,
				EB6AAFDB284659C700F4D9AB /* PostCRUD.swift */,
			);
			path = Firestore;
			sourceTree = "<group>";
		};
		EB6AAFAE2842718B00F4D9AB /* Shared */ = {
			isa = PBXGroup;
			children = (
				EB6AAFAF284271AD00F4D9AB /* UserManager.swift */,
			);
			path = Shared;
			sourceTree = "<group>";
		};
		EB6AAFB128428C0E00F4D9AB /* Utils */ = {
			isa = PBXGroup;
			children = (
				EB6AAFB228428C3700F4D9AB /* RemoveBlanksInText.swift */,
				EB6AAFCF28459BA900F4D9AB /* SetUnderlineInTextField.swift */,
			);
			path = Utils;
			sourceTree = "<group>";
		};
		EB6AAFB8284325B300F4D9AB /* Cells */ = {
			isa = PBXGroup;
			children = (
				EB6AAFB9284325D500F4D9AB /* MyListTableViewCell.swift */,
				EB6AAFBA284325D500F4D9AB /* MyListTableViewCell.xib */,
				EB6AAFBD2843349900F4D9AB /* SupportingTextTableViewCell.swift */,
				EB6AAFBE2843349900F4D9AB /* SupportingTextTableViewCell.xib */,
				EB6AAFC12843AABF00F4D9AB /* ImageTableViewCell.swift */,
				EB6AAFC22843AABF00F4D9AB /* ImageTableViewCell.xib */,
				EB6AAFC52843B2C900F4D9AB /* TextButtonTableViewCell.swift */,
				EB6AAFC62843B2C900F4D9AB /* TextButtonTableViewCell.xib */,
				EB6AAFCB2845293500F4D9AB /* TextFieldTableViewCell.swift */,
				EB6AAFCC2845293500F4D9AB /* TextFieldTableViewCell.xib */,
				EB6AAFD7284651D000F4D9AB /* SubmitButtonTableViewCell.swift */,
				EB6AAFD8284651D000F4D9AB /* SubmitButtonTableViewCell.xib */,
				EB6AAFD328463E6B00F4D9AB /* SpacerTableViewCell.swift */,
				EB6AAFD428463E6B00F4D9AB /* SpacerTableViewCell.xib */,
			);
			path = Cells;
			sourceTree = "<group>";
		};
		EB6AAFE12846FF7200F4D9AB /* Storage */ = {
			isa = PBXGroup;
			children = (
				EB6AAFE22846FF8F00F4D9AB /* ImageCRUD.swift */,
			);
			path = Storage;
			sourceTree = "<group>";
		};
		EB9AAEDF2839D1FC0088D2EB = {
			isa = PBXGroup;
			children = (
				EB9AAEEA2839D1FC0088D2EB /* Mazemaze */,
				EB9AAEE92839D1FC0088D2EB /* Products */,
			);
			sourceTree = "<group>";
		};
		EB9AAEE92839D1FC0088D2EB /* Products */ = {
			isa = PBXGroup;
			children = (
				EB9AAEE82839D1FC0088D2EB /* Mazemaze.app */,
			);
			name = Products;
			sourceTree = "<group>";
		};
		EB9AAEEA2839D1FC0088D2EB /* Mazemaze */ = {
			isa = PBXGroup;
			children = (
				EB9AAEEB2839D1FC0088D2EB /* AppDelegate.swift */,
				EB9AAEED2839D1FC0088D2EB /* SceneDelegate.swift */,
				EB6AAF9B283A1A0300F4D9AB /* ViewControllers */,
				EB6AAFB8284325B300F4D9AB /* Cells */,
				EB6AAFA1283A1FD300F4D9AB /* Auth */,
				EB6AAFAB283FDAFF00F4D9AB /* Firestore */,
				EB6AAFE12846FF7200F4D9AB /* Storage */,
				EB6AAFAE2842718B00F4D9AB /* Shared */,
				EB6AAFA8283FD70800F4D9AB /* Models */,
				EB6AAFB128428C0E00F4D9AB /* Utils */,
				EB9AAEF12839D1FC0088D2EB /* Main.storyboard */,
				EB9AAEF62839D1FF0088D2EB /* LaunchScreen.storyboard */,
				EB9AAEF42839D1FF0088D2EB /* Assets.xcassets */,
				EB9AAEF92839D1FF0088D2EB /* Info.plist */,
				EB9AAF032839D96E0088D2EB /* GoogleService-Info.plist */,
				EB6AAFA6283A46F600F4D9AB /* .gitignore */,
			);
			path = Mazemaze;
			sourceTree = "<group>";
		};
/* End PBXGroup section */

/* Begin PBXNativeTarget section */
		EB9AAEE72839D1FC0088D2EB /* Mazemaze */ = {
			isa = PBXNativeTarget;
			buildConfigurationList = EB9AAEFC2839D1FF0088D2EB /* Build configuration list for PBXNativeTarget "Mazemaze" */;
			buildPhases = (
				EB9AAEE42839D1FC0088D2EB /* Sources */,
				EB9AAEE52839D1FC0088D2EB /* Frameworks */,
				EB9AAEE62839D1FC0088D2EB /* Resources */,
			);
			buildRules = (
			);
			dependencies = (
			);
			name = Mazemaze;
			packageProductDependencies = (
				EB6AAF882839F8F900F4D9AB /* FirebaseAuth */,
				EB6AAF8A2839F8F900F4D9AB /* FirebaseFirestore */,
				EB6AAF8C2839F8F900F4D9AB /* FirebaseFirestoreSwift */,
				EB6AAF8E2839F8F900F4D9AB /* FirebaseStorage */,
				EB6AAF96283A013700F4D9AB /* GoogleSignIn */,
				EB6AAF98283A013700F4D9AB /* GoogleSignInSwift */,
			);
			productName = Mazemaze;
			productReference = EB9AAEE82839D1FC0088D2EB /* Mazemaze.app */;
			productType = "com.apple.product-type.application";
		};
/* End PBXNativeTarget section */

/* Begin PBXProject section */
		EB9AAEE02839D1FC0088D2EB /* Project object */ = {
			isa = PBXProject;
			attributes = {
				BuildIndependentTargetsInParallel = 1;
				LastSwiftUpdateCheck = 1330;
				LastUpgradeCheck = 1330;
				TargetAttributes = {
					EB9AAEE72839D1FC0088D2EB = {
						CreatedOnToolsVersion = 13.3.1;
					};
				};
			};
			buildConfigurationList = EB9AAEE32839D1FC0088D2EB /* Build configuration list for PBXProject "Mazemaze" */;
			compatibilityVersion = "Xcode 13.0";
			developmentRegion = en;
			hasScannedForEncodings = 0;
			knownRegions = (
				en,
				Base,
			);
			mainGroup = EB9AAEDF2839D1FC0088D2EB;
			packageReferences = (
				EB6AAF872839F8F900F4D9AB /* XCRemoteSwiftPackageReference "firebase-ios-sdk" */,
				EB6AAF95283A013600F4D9AB /* XCRemoteSwiftPackageReference "GoogleSignIn-iOS" */,
			);
			productRefGroup = EB9AAEE92839D1FC0088D2EB /* Products */;
			projectDirPath = "";
			projectRoot = "";
			targets = (
				EB9AAEE72839D1FC0088D2EB /* Mazemaze */,
			);
		};
/* End PBXProject section */

/* Begin PBXResourcesBuildPhase section */
		EB9AAEE62839D1FC0088D2EB /* Resources */ = {
			isa = PBXResourcesBuildPhase;
			buildActionMask = 2147483647;
			files = (
				EB6AAFA7283A46F600F4D9AB /* .gitignore in Resources */,
				EB9AAEF82839D1FF0088D2EB /* LaunchScreen.storyboard in Resources */,
				EB9AAEF52839D1FF0088D2EB /* Assets.xcassets in Resources */,
				EB6AAFBC284325D500F4D9AB /* MyListTableViewCell.xib in Resources */,
				EB6AAFD628463E6B00F4D9AB /* SpacerTableViewCell.xib in Resources */,
				EB6AAFDA284651D000F4D9AB /* SubmitButtonTableViewCell.xib in Resources */,
				EB9AAEF32839D1FC0088D2EB /* Main.storyboard in Resources */,
				EB6AAFC42843AABF00F4D9AB /* ImageTableViewCell.xib in Resources */,
				EB9AAF042839D96E0088D2EB /* GoogleService-Info.plist in Resources */,
				EB6AAFCE2845293500F4D9AB /* TextFieldTableViewCell.xib in Resources */,
				EB6AAFC02843349900F4D9AB /* SupportingTextTableViewCell.xib in Resources */,
				EB6AAFC82843B2C900F4D9AB /* TextButtonTableViewCell.xib in Resources */,
			);
			runOnlyForDeploymentPostprocessing = 0;
		};
/* End PBXResourcesBuildPhase section */

/* Begin PBXSourcesBuildPhase section */
		EB9AAEE42839D1FC0088D2EB /* Sources */ = {
			isa = PBXSourcesBuildPhase;
			buildActionMask = 2147483647;
			files = (
				EB6AAFAD283FDB3200F4D9AB /* UserCRUD.swift in Sources */,
				EB9AAF002839D42C0088D2EB /* RecommendedViewController.swift in Sources */,
				EB6AAFA3283A1FE600F4D9AB /* AuthManager.swift in Sources */,
				EB6AAFBF2843349900F4D9AB /* SupportingTextTableViewCell.swift in Sources */,
				EB6AAFE028465E9E00F4D9AB /* ResultType.swift in Sources */,
				EB6AAFE32846FF8F00F4D9AB /* ImageCRUD.swift in Sources */,
				EB6AAFCA2843C34500F4D9AB /* Post.swift in Sources */,
				EB9AAEEC2839D1FC0088D2EB /* AppDelegate.swift in Sources */,
				EB6AAFD028459BA900F4D9AB /* SetUnderlineInTextField.swift in Sources */,
				EB6AAFD9284651D000F4D9AB /* SubmitButtonTableViewCell.swift in Sources */,
				EB6AAFDC284659C800F4D9AB /* PostCRUD.swift in Sources */,
				EB6AAFBB284325D500F4D9AB /* MyListTableViewCell.swift in Sources */,
				EB6AAFB328428C3700F4D9AB /* RemoveBlanksInText.swift in Sources */,
				EB6AAFB7284291AB00F4D9AB /* NewPostViewController.swift in Sources */,
				EB9AAF022839D7A60088D2EB /* MyListViewController.swift in Sources */,
				EB6AAFD228459F9800F4D9AB /* CellType.swift in Sources */,
				EB6AAFAA283FD74700F4D9AB /* User.swift in Sources */,
				EB9AAF0D2839E00B0088D2EB /* LoginViewController.swift in Sources */,
				EB6AAFA5283A279D00F4D9AB /* SettingViewController.swift in Sources */,
				EB6AAFC72843B2C900F4D9AB /* TextButtonTableViewCell.swift in Sources */,
				EB6AAFC32843AABF00F4D9AB /* ImageTableViewCell.swift in Sources */,
				EB6AAFCD2845293500F4D9AB /* TextFieldTableViewCell.swift in Sources */,
				EB6AAFB0284271AD00F4D9AB /* UserManager.swift in Sources */,
				EB9AAEEE2839D1FC0088D2EB /* SceneDelegate.swift in Sources */,
				EB6AAFD528463E6B00F4D9AB /* SpacerTableViewCell.swift in Sources */,
			);
			runOnlyForDeploymentPostprocessing = 0;
		};
/* End PBXSourcesBuildPhase section */

/* Begin PBXVariantGroup section */
		EB9AAEF12839D1FC0088D2EB /* Main.storyboard */ = {
			isa = PBXVariantGroup;
			children = (
				EB9AAEF22839D1FC0088D2EB /* Base */,
			);
			name = Main.storyboard;
			sourceTree = "<group>";
		};
		EB9AAEF62839D1FF0088D2EB /* LaunchScreen.storyboard */ = {
			isa = PBXVariantGroup;
			children = (
				EB9AAEF72839D1FF0088D2EB /* Base */,
			);
			name = LaunchScreen.storyboard;
			sourceTree = "<group>";
		};
/* End PBXVariantGroup section */

/* Begin XCBuildConfiguration section */
		EB9AAEFA2839D1FF0088D2EB /* Debug */ = {
			isa = XCBuildConfiguration;
			buildSettings = {
				ALWAYS_SEARCH_USER_PATHS = NO;
				CLANG_ANALYZER_NONNULL = YES;
				CLANG_ANALYZER_NUMBER_OBJECT_CONVERSION = YES_AGGRESSIVE;
				CLANG_CXX_LANGUAGE_STANDARD = "gnu++17";
				CLANG_ENABLE_MODULES = YES;
				CLANG_ENABLE_OBJC_ARC = YES;
				CLANG_ENABLE_OBJC_WEAK = YES;
				CLANG_WARN_BLOCK_CAPTURE_AUTORELEASING = YES;
				CLANG_WARN_BOOL_CONVERSION = YES;
				CLANG_WARN_COMMA = YES;
				CLANG_WARN_CONSTANT_CONVERSION = YES;
				CLANG_WARN_DEPRECATED_OBJC_IMPLEMENTATIONS = YES;
				CLANG_WARN_DIRECT_OBJC_ISA_USAGE = YES_ERROR;
				CLANG_WARN_DOCUMENTATION_COMMENTS = YES;
				CLANG_WARN_EMPTY_BODY = YES;
				CLANG_WARN_ENUM_CONVERSION = YES;
				CLANG_WARN_INFINITE_RECURSION = YES;
				CLANG_WARN_INT_CONVERSION = YES;
				CLANG_WARN_NON_LITERAL_NULL_CONVERSION = YES;
				CLANG_WARN_OBJC_IMPLICIT_RETAIN_SELF = YES;
				CLANG_WARN_OBJC_LITERAL_CONVERSION = YES;
				CLANG_WARN_OBJC_ROOT_CLASS = YES_ERROR;
				CLANG_WARN_QUOTED_INCLUDE_IN_FRAMEWORK_HEADER = YES;
				CLANG_WARN_RANGE_LOOP_ANALYSIS = YES;
				CLANG_WARN_STRICT_PROTOTYPES = YES;
				CLANG_WARN_SUSPICIOUS_MOVE = YES;
				CLANG_WARN_UNGUARDED_AVAILABILITY = YES_AGGRESSIVE;
				CLANG_WARN_UNREACHABLE_CODE = YES;
				CLANG_WARN__DUPLICATE_METHOD_MATCH = YES;
				COPY_PHASE_STRIP = NO;
				DEBUG_INFORMATION_FORMAT = dwarf;
				ENABLE_STRICT_OBJC_MSGSEND = YES;
				ENABLE_TESTABILITY = YES;
				GCC_C_LANGUAGE_STANDARD = gnu11;
				GCC_DYNAMIC_NO_PIC = NO;
				GCC_NO_COMMON_BLOCKS = YES;
				GCC_OPTIMIZATION_LEVEL = 0;
				GCC_PREPROCESSOR_DEFINITIONS = (
					"DEBUG=1",
					"$(inherited)",
				);
				GCC_WARN_64_TO_32_BIT_CONVERSION = YES;
				GCC_WARN_ABOUT_RETURN_TYPE = YES_ERROR;
				GCC_WARN_UNDECLARED_SELECTOR = YES;
				GCC_WARN_UNINITIALIZED_AUTOS = YES_AGGRESSIVE;
				GCC_WARN_UNUSED_FUNCTION = YES;
				GCC_WARN_UNUSED_VARIABLE = YES;
				IPHONEOS_DEPLOYMENT_TARGET = 15.4;
				MTL_ENABLE_DEBUG_INFO = INCLUDE_SOURCE;
				MTL_FAST_MATH = YES;
				ONLY_ACTIVE_ARCH = YES;
				SDKROOT = iphoneos;
				SWIFT_ACTIVE_COMPILATION_CONDITIONS = DEBUG;
				SWIFT_OPTIMIZATION_LEVEL = "-Onone";
			};
			name = Debug;
		};
		EB9AAEFB2839D1FF0088D2EB /* Release */ = {
			isa = XCBuildConfiguration;
			buildSettings = {
				ALWAYS_SEARCH_USER_PATHS = NO;
				CLANG_ANALYZER_NONNULL = YES;
				CLANG_ANALYZER_NUMBER_OBJECT_CONVERSION = YES_AGGRESSIVE;
				CLANG_CXX_LANGUAGE_STANDARD = "gnu++17";
				CLANG_ENABLE_MODULES = YES;
				CLANG_ENABLE_OBJC_ARC = YES;
				CLANG_ENABLE_OBJC_WEAK = YES;
				CLANG_WARN_BLOCK_CAPTURE_AUTORELEASING = YES;
				CLANG_WARN_BOOL_CONVERSION = YES;
				CLANG_WARN_COMMA = YES;
				CLANG_WARN_CONSTANT_CONVERSION = YES;
				CLANG_WARN_DEPRECATED_OBJC_IMPLEMENTATIONS = YES;
				CLANG_WARN_DIRECT_OBJC_ISA_USAGE = YES_ERROR;
				CLANG_WARN_DOCUMENTATION_COMMENTS = YES;
				CLANG_WARN_EMPTY_BODY = YES;
				CLANG_WARN_ENUM_CONVERSION = YES;
				CLANG_WARN_INFINITE_RECURSION = YES;
				CLANG_WARN_INT_CONVERSION = YES;
				CLANG_WARN_NON_LITERAL_NULL_CONVERSION = YES;
				CLANG_WARN_OBJC_IMPLICIT_RETAIN_SELF = YES;
				CLANG_WARN_OBJC_LITERAL_CONVERSION = YES;
				CLANG_WARN_OBJC_ROOT_CLASS = YES_ERROR;
				CLANG_WARN_QUOTED_INCLUDE_IN_FRAMEWORK_HEADER = YES;
				CLANG_WARN_RANGE_LOOP_ANALYSIS = YES;
				CLANG_WARN_STRICT_PROTOTYPES = YES;
				CLANG_WARN_SUSPICIOUS_MOVE = YES;
				CLANG_WARN_UNGUARDED_AVAILABILITY = YES_AGGRESSIVE;
				CLANG_WARN_UNREACHABLE_CODE = YES;
				CLANG_WARN__DUPLICATE_METHOD_MATCH = YES;
				COPY_PHASE_STRIP = NO;
				DEBUG_INFORMATION_FORMAT = "dwarf-with-dsym";
				ENABLE_NS_ASSERTIONS = NO;
				ENABLE_STRICT_OBJC_MSGSEND = YES;
				GCC_C_LANGUAGE_STANDARD = gnu11;
				GCC_NO_COMMON_BLOCKS = YES;
				GCC_WARN_64_TO_32_BIT_CONVERSION = YES;
				GCC_WARN_ABOUT_RETURN_TYPE = YES_ERROR;
				GCC_WARN_UNDECLARED_SELECTOR = YES;
				GCC_WARN_UNINITIALIZED_AUTOS = YES_AGGRESSIVE;
				GCC_WARN_UNUSED_FUNCTION = YES;
				GCC_WARN_UNUSED_VARIABLE = YES;
				IPHONEOS_DEPLOYMENT_TARGET = 15.4;
				MTL_ENABLE_DEBUG_INFO = NO;
				MTL_FAST_MATH = YES;
				SDKROOT = iphoneos;
				SWIFT_COMPILATION_MODE = wholemodule;
				SWIFT_OPTIMIZATION_LEVEL = "-O";
				VALIDATE_PRODUCT = YES;
			};
			name = Release;
		};
		EB9AAEFD2839D1FF0088D2EB /* Debug */ = {
			isa = XCBuildConfiguration;
			buildSettings = {
				ASSETCATALOG_COMPILER_APPICON_NAME = AppIcon;
				ASSETCATALOG_COMPILER_GLOBAL_ACCENT_COLOR_NAME = AccentColor;
				CODE_SIGN_STYLE = Automatic;
				CURRENT_PROJECT_VERSION = 1;
				DEVELOPMENT_TEAM = 5VXR3TJUR7;
				GENERATE_INFOPLIST_FILE = YES;
				INFOPLIST_FILE = Mazemaze/Info.plist;
				INFOPLIST_KEY_NSPhotoLibraryUsageDescription = "投稿する画像をフォトライブラリから呼び出します。";
				INFOPLIST_KEY_UIApplicationSupportsIndirectInputEvents = YES;
				INFOPLIST_KEY_UILaunchStoryboardName = LaunchScreen;
				INFOPLIST_KEY_UIMainStoryboardFile = Main;
				INFOPLIST_KEY_UISupportedInterfaceOrientations = UIInterfaceOrientationPortrait;
				INFOPLIST_KEY_UISupportedInterfaceOrientations_iPad = "UIInterfaceOrientationPortrait UIInterfaceOrientationPortraitUpsideDown UIInterfaceOrientationLandscapeLeft UIInterfaceOrientationLandscapeRight";
				INFOPLIST_KEY_UISupportedInterfaceOrientations_iPhone = UIInterfaceOrientationPortrait;
				LD_RUNPATH_SEARCH_PATHS = (
					"$(inherited)",
					"@executable_path/Frameworks",
				);
				MARKETING_VERSION = 1.0;
				PRODUCT_BUNDLE_IDENTIFIER = app.shinchan.shintaro.Mazemaze;
				PRODUCT_NAME = "$(TARGET_NAME)";
				SWIFT_EMIT_LOC_STRINGS = YES;
				SWIFT_VERSION = 5.0;
				TARGETED_DEVICE_FAMILY = "1,2";
			};
			name = Debug;
		};
		EB9AAEFE2839D1FF0088D2EB /* Release */ = {
			isa = XCBuildConfiguration;
			buildSettings = {
				ASSETCATALOG_COMPILER_APPICON_NAME = AppIcon;
				ASSETCATALOG_COMPILER_GLOBAL_ACCENT_COLOR_NAME = AccentColor;
				CODE_SIGN_STYLE = Automatic;
				CURRENT_PROJECT_VERSION = 1;
				DEVELOPMENT_TEAM = 5VXR3TJUR7;
				GENERATE_INFOPLIST_FILE = YES;
				INFOPLIST_FILE = Mazemaze/Info.plist;
				INFOPLIST_KEY_NSPhotoLibraryUsageDescription = "投稿する画像をフォトライブラリから呼び出します。";
				INFOPLIST_KEY_UIApplicationSupportsIndirectInputEvents = YES;
				INFOPLIST_KEY_UILaunchStoryboardName = LaunchScreen;
				INFOPLIST_KEY_UIMainStoryboardFile = Main;
				INFOPLIST_KEY_UISupportedInterfaceOrientations = UIInterfaceOrientationPortrait;
				INFOPLIST_KEY_UISupportedInterfaceOrientations_iPad = "UIInterfaceOrientationPortrait UIInterfaceOrientationPortraitUpsideDown UIInterfaceOrientationLandscapeLeft UIInterfaceOrientationLandscapeRight";
				INFOPLIST_KEY_UISupportedInterfaceOrientations_iPhone = UIInterfaceOrientationPortrait;
				LD_RUNPATH_SEARCH_PATHS = (
					"$(inherited)",
					"@executable_path/Frameworks",
				);
				MARKETING_VERSION = 1.0;
				PRODUCT_BUNDLE_IDENTIFIER = app.shinchan.shintaro.Mazemaze;
				PRODUCT_NAME = "$(TARGET_NAME)";
				SWIFT_EMIT_LOC_STRINGS = YES;
				SWIFT_VERSION = 5.0;
				TARGETED_DEVICE_FAMILY = "1,2";
			};
			name = Release;
		};
/* End XCBuildConfiguration section */

/* Begin XCConfigurationList section */
		EB9AAEE32839D1FC0088D2EB /* Build configuration list for PBXProject "Mazemaze" */ = {
			isa = XCConfigurationList;
			buildConfigurations = (
				EB9AAEFA2839D1FF0088D2EB /* Debug */,
				EB9AAEFB2839D1FF0088D2EB /* Release */,
			);
			defaultConfigurationIsVisible = 0;
			defaultConfigurationName = Release;
		};
		EB9AAEFC2839D1FF0088D2EB /* Build configuration list for PBXNativeTarget "Mazemaze" */ = {
			isa = XCConfigurationList;
			buildConfigurations = (
				EB9AAEFD2839D1FF0088D2EB /* Debug */,
				EB9AAEFE2839D1FF0088D2EB /* Release */,
			);
			defaultConfigurationIsVisible = 0;
			defaultConfigurationName = Release;
		};
/* End XCConfigurationList section */

/* Begin XCRemoteSwiftPackageReference section */
		EB6AAF872839F8F900F4D9AB /* XCRemoteSwiftPackageReference "firebase-ios-sdk" */ = {
			isa = XCRemoteSwiftPackageReference;
			repositoryURL = "https://github.com/firebase/firebase-ios-sdk";
			requirement = {
				kind = upToNextMajorVersion;
				minimumVersion = 9.0.0;
			};
		};
		EB6AAF95283A013600F4D9AB /* XCRemoteSwiftPackageReference "GoogleSignIn-iOS" */ = {
			isa = XCRemoteSwiftPackageReference;
			repositoryURL = "https://github.com/google/GoogleSignIn-iOS";
			requirement = {
				kind = upToNextMajorVersion;
				minimumVersion = 6.0.0;
			};
		};
/* End XCRemoteSwiftPackageReference section */

/* Begin XCSwiftPackageProductDependency section */
		EB6AAF882839F8F900F4D9AB /* FirebaseAuth */ = {
			isa = XCSwiftPackageProductDependency;
			package = EB6AAF872839F8F900F4D9AB /* XCRemoteSwiftPackageReference "firebase-ios-sdk" */;
			productName = FirebaseAuth;
		};
		EB6AAF8A2839F8F900F4D9AB /* FirebaseFirestore */ = {
			isa = XCSwiftPackageProductDependency;
			package = EB6AAF872839F8F900F4D9AB /* XCRemoteSwiftPackageReference "firebase-ios-sdk" */;
			productName = FirebaseFirestore;
		};
		EB6AAF8C2839F8F900F4D9AB /* FirebaseFirestoreSwift */ = {
			isa = XCSwiftPackageProductDependency;
			package = EB6AAF872839F8F900F4D9AB /* XCRemoteSwiftPackageReference "firebase-ios-sdk" */;
			productName = FirebaseFirestoreSwift;
		};
		EB6AAF8E2839F8F900F4D9AB /* FirebaseStorage */ = {
			isa = XCSwiftPackageProductDependency;
			package = EB6AAF872839F8F900F4D9AB /* XCRemoteSwiftPackageReference "firebase-ios-sdk" */;
			productName = FirebaseStorage;
		};
		EB6AAF96283A013700F4D9AB /* GoogleSignIn */ = {
			isa = XCSwiftPackageProductDependency;
			package = EB6AAF95283A013600F4D9AB /* XCRemoteSwiftPackageReference "GoogleSignIn-iOS" */;
			productName = GoogleSignIn;
		};
		EB6AAF98283A013700F4D9AB /* GoogleSignInSwift */ = {
			isa = XCSwiftPackageProductDependency;
			package = EB6AAF95283A013600F4D9AB /* XCRemoteSwiftPackageReference "GoogleSignIn-iOS" */;
			productName = GoogleSignInSwift;
		};
/* End XCSwiftPackageProductDependency section */
	};
	rootObject = EB9AAEE02839D1FC0088D2EB /* Project object */;
}
